<?xml version="1.0" encoding="utf-8"?>
<Project ToolsVersion="4.0" xmlns="http://schemas.microsoft.com/developer/msbuild/2003">
  <ItemGroup>
    <Filter Include="Header Files">
      <UniqueIdentifier>{21EB8090-0D4E-1035-B6D3-48EBA215DCB7}</UniqueIdentifier>
    </Filter>
    <Filter Include="Header Files\Particles">
      <UniqueIdentifier>{374D4583-2347-6ED5-0CB4-04E6F84CD441}</UniqueIdentifier>
    </Filter>
    <Filter Include="Header Files\PowerUps">
      <UniqueIdentifier>{D526FB0D-4193-B608-0A87-4E6676B2D870}</UniqueIdentifier>
    </Filter>
    <Filter Include="Source Files">
      <UniqueIdentifier>{E9C7FDCE-D52A-8D73-7EB0-C5296AF258F6}</UniqueIdentifier>
    </Filter>
    <Filter Include="Source Files\Particles">
      <UniqueIdentifier>{FFC3F2E8-EBBD-1B3B-D42A-B24BC0C381A7}</UniqueIdentifier>
    </Filter>
    <Filter Include="Source Files\PowerUps">
      <UniqueIdentifier>{9DE4F094-0951-AC8F-D244-44ED3E70CEF7}</UniqueIdentifier>
    </Filter>
  </ItemGroup>
  <ItemGroup>
    <ClInclude Include="..\Final\src\Particles\attackParticles.h">
      <Filter>Header Files\Particles</Filter>
    </ClInclude>
    <ClInclude Include="..\Final\src\Particles\particleView.h">
      <Filter>Header Files\Particles</Filter>
    </ClInclude>
    <ClInclude Include="..\Final\src\Particles\particles.h">
      <Filter>Header Files\Particles</Filter>
    </ClInclude>
    <ClInclude Include="..\Final\src\PowerUps\extendedRange.h">
      <Filter>Header Files\PowerUps</Filter>
    </ClInclude>
    <ClInclude Include="..\Final\src\PowerUps\health.h">
      <Filter>Header Files\PowerUps</Filter>
    </ClInclude>
    <ClInclude Include="..\Final\src\PowerUps\power.h">
      <Filter>Header Files\PowerUps</Filter>
    </ClInclude>
    <ClInclude Include="..\Final\src\PowerUps\powerUps.h">
      <Filter>Header Files\PowerUps</Filter>
    </ClInclude>
    <ClInclude Include="..\Final\src\PowerUps\speed.h">
      <Filter>Header Files\PowerUps</Filter>
    </ClInclude>
    <ClInclude Include="..\Final\src\background.h">
      <Filter>Header Files</Filter>
    </ClInclude>
    <ClInclude Include="..\Final\src\controller.h">
      <Filter>Header Files</Filter>
    </ClInclude>
    <ClInclude Include="..\Final\src\enemyEntity.h">
      <Filter>Header Files</Filter>
    </ClInclude>
    <ClInclude Include="..\Final\src\entity.h">
      <Filter>Header Files</Filter>
    </ClInclude>
    <ClInclude Include="..\Final\src\entityView.h">
      <Filter>Header Files</Filter>
    </ClInclude>
    <ClInclude Include="..\Final\src\playerEntity.h">
      <Filter>Header Files</Filter>
    </ClInclude>
    <ClInclude Include="..\Final\src\pubSub.h">
      <Filter>Header Files</Filter>
    </ClInclude>
    <ClInclude Include="..\Final\src\screen.h">
      <Filter>Header Files</Filter>
    </ClInclude>
    <ClInclude Include="..\Final\src\screenView.h">
      <Filter>Header Files</Filter>
    </ClInclude>
    <ClInclude Include="..\Final\src\settings.h">
      <Filter>Header Files</Filter>
    </ClInclude>
    <ClInclude Include="..\Final\src\textures.h">
      <Filter>Header Files</Filter>
    </ClInclude>
    <ClInclude Include="..\Final\src\world.h">
      <Filter>Header Files</Filter>
    </ClInclude>
  </ItemGroup>
  <ItemGroup>
    <ClCompile Include="..\Final\src\Particles\attackParticles.cpp">
      <Filter>Source Files\Particles</Filter>
    </ClCompile>
    <ClCompile Include="..\Final\src\Particles\particleView.cpp">
      <Filter>Source Files\Particles</Filter>
    </ClCompile>
    <ClCompile Include="..\Final\src\Particles\particles.cpp">
      <Filter>Source Files\Particles</Filter>
    </ClCompile>
    <ClCompile Include="..\Final\src\PowerUps\extendedRange.cpp">
      <Filter>Source Files\PowerUps</Filter>
    </ClCompile>
    <ClCompile Include="..\Final\src\PowerUps\health.cpp">
      <Filter>Source Files\PowerUps</Filter>
    </ClCompile>
    <ClCompile Include="..\Final\src\PowerUps\power.cpp">
      <Filter>Source Files\PowerUps</Filter>
    </ClCompile>
    <ClCompile Include="..\Final\src\PowerUps\powerUps.cpp">
      <Filter>Source Files\PowerUps</Filter>
    </ClCompile>
    <ClCompile Include="..\Final\src\PowerUps\speed.cpp">
      <Filter>Source Files\PowerUps</Filter>
    </ClCompile>
    <ClCompile Include="..\Final\src\background.cpp">
      <Filter>Source Files</Filter>
    </ClCompile>
    <ClCompile Include="..\Final\src\controller.cpp">
      <Filter>Source Files</Filter>
    </ClCompile>
    <ClCompile Include="..\Final\src\enemyEntity.cpp">
      <Filter>Source Files</Filter>
    </ClCompile>
    <ClCompile Include="..\Final\src\entity.cpp">
      <Filter>Source Files</Filter>
    </ClCompile>
    <ClCompile Include="..\Final\src\entityView.cpp">
      <Filter>Source Files</Filter>
    </ClCompile>
    <ClCompile Include="..\Final\src\playerEntity.cpp">
      <Filter>Source Files</Filter>
    </ClCompile>
    <ClCompile Include="..\Final\src\pubSub.cpp">
      <Filter>Source Files</Filter>
    </ClCompile>
    <ClCompile Include="..\Final\src\screen.cpp">
      <Filter>Source Files</Filter>
    </ClCompile>
    <ClCompile Include="..\Final\src\screenView.cpp">
      <Filter>Source Files</Filter>
    </ClCompile>
    <ClCompile Include="..\Final\src\textures.cpp">
      <Filter>Source Files</Filter>
    </ClCompile>
    <ClCompile Include="..\Final\src\world.cpp">
      <Filter>Source Files</Filter>
    </ClCompile>
  </ItemGroup>
</Project>